
Microsoft Visual Studio Solution File, Format Version 12.00
# Visual Studio Version 17
VisualStudioVersion = 17.4.33205.214
MinimumVisualStudioVersion = 10.0.40219.1
Project("{FAE04EC0-301F-11D3-BF4B-00C04F79EFBC}") = "ZD_29", "ZD_29\ZD_29.csproj", "{F7F9B274-43DB-4907-BC95-630637AB9176}"
EndProject
Project("{FAE04EC0-301F-11D3-BF4B-00C04F79EFBC}") = "ZD_25", "ZD_25\ZD_25.csproj", "{77C72B31-B05E-4EB5-905F-BC84BADA0BC6}"
EndProject
Project("{FAE04EC0-301F-11D3-BF4B-00C04F79EFBC}") = "ZD_27", "ZD_27\ZD_27.csproj", "{76F87323-88F2-41A6-A65A-EA441FD8E4D7}"
EndProject
Global
	GlobalSection(SolutionConfigurationPlatforms) = preSolution
		Debug|Any CPU = Debug|Any CPU
		Release|Any CPU = Release|Any CPU
	EndGlobalSection
	GlobalSection(ProjectConfigurationPlatforms) = postSolution
		{F7F9B274-43DB-4907-BC95-630637AB9176}.Debug|Any CPU.ActiveCfg = Debug|Any CPU
		{F7F9B274-43DB-4907-BC95-630637AB9176}.Debug|Any CPU.Build.0 = Debug|Any CPU
		{F7F9B274-43DB-4907-BC95-630637AB9176}.Release|Any CPU.ActiveCfg = Release|Any CPU
		{F7F9B274-43DB-4907-BC95-630637AB9176}.Release|Any CPU.Build.0 = Release|Any CPU
		{77C72B31-B05E-4EB5-905F-BC84BADA0BC6}.Debug|Any CPU.ActiveCfg = Debug|Any CPU
		{77C72B31-B05E-4EB5-905F-BC84BADA0BC6}.Debug|Any CPU.Build.0 = Debug|Any CPU
		{77C72B31-B05E-4EB5-905F-BC84BADA0BC6}.Release|Any CPU.ActiveCfg = Release|Any CPU
		{77C72B31-B05E-4EB5-905F-BC84BADA0BC6}.Release|Any CPU.Build.0 = Release|Any CPU
		{76F87323-88F2-41A6-A65A-EA441FD8E4D7}.Debug|Any CPU.ActiveCfg = Debug|Any CPU
		{76F87323-88F2-41A6-A65A-EA441FD8E4D7}.Debug|Any CPU.Build.0 = Debug|Any CPU
		{76F87323-88F2-41A6-A65A-EA441FD8E4D7}.Release|Any CPU.ActiveCfg = Release|Any CPU
		{76F87323-88F2-41A6-A65A-EA441FD8E4D7}.Release|Any CPU.Build.0 = Release|Any CPU
	EndGlobalSection
	GlobalSection(SolutionProperties) = preSolution
		HideSolutionNode = FALSE
	EndGlobalSection
	GlobalSection(ExtensibilityGlobals) = postSolution
		SolutionGuid = {B58EBE6B-7CC9-432D-BE3A-0092D144FBE0}
	EndGlobalSection
EndGlobal
